
Microsoft Visual Studio Solution File, Format Version 11.00
# Visual C++ Express 2010
Project("{8BC9CEB8-8B4A-11D0-8D11-00A0C91BC942}") = "找字母.c", "找字母.c\找字母.c.vcxproj", "{6D17B5B0-01EF-4A38-A0B4-CE310468FA9B}"
EndProject
Global
	GlobalSection(SolutionConfigurationPlatforms) = preSolution
		Debug|Win32 = Debug|Win32
		Release|Win32 = Release|Win32
	EndGlobalSection
	GlobalSection(ProjectConfigurationPlatforms) = postSolution
		{6D17B5B0-01EF-4A38-A0B4-CE310468FA9B}.Debug|Win32.ActiveCfg = Debug|Win32
		{6D17B5B0-01EF-4A38-A0B4-CE310468FA9B}.Debug|Win32.Build.0 = Debug|Win32
		{6D17B5B0-01EF-4A38-A0B4-CE310468FA9B}.Release|Win32.ActiveCfg = Release|Win32
		{6D17B5B0-01EF-4A38-A0B4-CE310468FA9B}.Release|Win32.Build.0 = Release|Win32
	EndGlobalSection
	GlobalSection(SolutionProperties) = preSolution
		HideSolutionNode = FALSE
	EndGlobalSection
EndGlobal
