
Microsoft Visual Studio Solution File, Format Version 11.00
# Visual C++ Express 2010
Project("{8BC9CEB8-8B4A-11D0-8D11-00A0C91BC942}") = "判断闰年（函数法）", "判断闰年（函数法）\判断闰年（函数法）.vcxproj", "{4473EDA0-3749-47A8-9E1E-4B0F37D140D5}"
EndProject
Global
	GlobalSection(SolutionConfigurationPlatforms) = preSolution
		Debug|Win32 = Debug|Win32
		Release|Win32 = Release|Win32
	EndGlobalSection
	GlobalSection(ProjectConfigurationPlatforms) = postSolution
		{4473EDA0-3749-47A8-9E1E-4B0F37D140D5}.Debug|Win32.ActiveCfg = Debug|Win32
		{4473EDA0-3749-47A8-9E1E-4B0F37D140D5}.Debug|Win32.Build.0 = Debug|Win32
		{4473EDA0-3749-47A8-9E1E-4B0F37D140D5}.Release|Win32.ActiveCfg = Release|Win32
		{4473EDA0-3749-47A8-9E1E-4B0F37D140D5}.Release|Win32.Build.0 = Release|Win32
	EndGlobalSection
	GlobalSection(SolutionProperties) = preSolution
		HideSolutionNode = FALSE
	EndGlobalSection
EndGlobal
