
Microsoft Visual Studio Solution File, Format Version 12.00
# Visual Studio Version 16
VisualStudioVersion = 16.0.32228.343
MinimumVisualStudioVersion = 10.0.40219.1
Project("{8BC9CEB8-8B4A-11D0-8D11-00A0C91BC942}") = "8.题目练习5", "8.题目练习5\8.题目练习5.vcxproj", "{74D1D285-7175-4461-99D3-DCD7F45699E1}"
EndProject
Global
	GlobalSection(SolutionConfigurationPlatforms) = preSolution
		Debug|x64 = Debug|x64
		Debug|x86 = Debug|x86
		Release|x64 = Release|x64
		Release|x86 = Release|x86
	EndGlobalSection
	GlobalSection(ProjectConfigurationPlatforms) = postSolution
		{74D1D285-7175-4461-99D3-DCD7F45699E1}.Debug|x64.ActiveCfg = Debug|x64
		{74D1D285-7175-4461-99D3-DCD7F45699E1}.Debug|x64.Build.0 = Debug|x64
		{74D1D285-7175-4461-99D3-DCD7F45699E1}.Debug|x86.ActiveCfg = Debug|Win32
		{74D1D285-7175-4461-99D3-DCD7F45699E1}.Debug|x86.Build.0 = Debug|Win32
		{74D1D285-7175-4461-99D3-DCD7F45699E1}.Release|x64.ActiveCfg = Release|x64
		{74D1D285-7175-4461-99D3-DCD7F45699E1}.Release|x64.Build.0 = Release|x64
		{74D1D285-7175-4461-99D3-DCD7F45699E1}.Release|x86.ActiveCfg = Release|Win32
		{74D1D285-7175-4461-99D3-DCD7F45699E1}.Release|x86.Build.0 = Release|Win32
	EndGlobalSection
	GlobalSection(SolutionProperties) = preSolution
		HideSolutionNode = FALSE
	EndGlobalSection
	GlobalSection(ExtensibilityGlobals) = postSolution
		SolutionGuid = {9F0498D6-6147-4B3F-B554-A58C9E67E461}
	EndGlobalSection
EndGlobal
